
Microsoft Visual Studio Solution File, Format Version 12.00
# Visual Studio Version 17
VisualStudioVersion = 17.2.32630.192
MinimumVisualStudioVersion = 10.0.40219.1
Project("{FAE04EC0-301F-11D3-BF4B-00C04F79EFBC}") = "PersonalPhotos", "PersonalPhotos\PersonalPhotos.csproj", "{583F8063-5B94-435C-AE3C-4A6717417EAE}"
EndProject
Global
	GlobalSection(SolutionConfigurationPlatforms) = preSolution
		Debug|Any CPU = Debug|Any CPU
		Release|Any CPU = Release|Any CPU
	EndGlobalSection
	GlobalSection(ProjectConfigurationPlatforms) = postSolution
		{583F8063-5B94-435C-AE3C-4A6717417EAE}.Debug|Any CPU.ActiveCfg = Debug|Any CPU
		{583F8063-5B94-435C-AE3C-4A6717417EAE}.Debug|Any CPU.Build.0 = Debug|Any CPU
		{583F8063-5B94-435C-AE3C-4A6717417EAE}.Release|Any CPU.ActiveCfg = Release|Any CPU
		{583F8063-5B94-435C-AE3C-4A6717417EAE}.Release|Any CPU.Build.0 = Release|Any CPU
	EndGlobalSection
	GlobalSection(SolutionProperties) = preSolution
		HideSolutionNode = FALSE
	EndGlobalSection
	GlobalSection(ExtensibilityGlobals) = postSolution
		SolutionGuid = {0A7BC7B0-E183-4651-AD0F-4E377F6BE495}
	EndGlobalSection
EndGlobal
