
Microsoft Visual Studio Solution File, Format Version 12.00
# Visual Studio Version 17
VisualStudioVersion = 17.2.32630.192
MinimumVisualStudioVersion = 10.0.40219.1
Project("{9A19103F-16F7-4668-BE54-9A1E7A4F7556}") = "MinimalAPIDemo", "MinimalAPIDemo\MinimalAPIDemo.csproj", "{5CCBFBD5-3089-4BFD-B731-6D891C7983D5}"
EndProject
Project("{9A19103F-16F7-4668-BE54-9A1E7A4F7556}") = "DataAccess", "DataAccess\DataAccess.csproj", "{EE46A7D6-3E8C-4F34-A5C3-6F6C3B7A4956}"
EndProject
Project("{00D1A9C2-B5F0-4AF3-8072-F6C62B433612}") = "UserDB", "UserDB\UserDB.sqlproj", "{8D1A6AE5-7A2D-429B-9FCA-05CFCF236FBC}"
EndProject
Global
	GlobalSection(SolutionConfigurationPlatforms) = preSolution
		Debug|Any CPU = Debug|Any CPU
		Release|Any CPU = Release|Any CPU
	EndGlobalSection
	GlobalSection(ProjectConfigurationPlatforms) = postSolution
		{5CCBFBD5-3089-4BFD-B731-6D891C7983D5}.Debug|Any CPU.ActiveCfg = Debug|Any CPU
		{5CCBFBD5-3089-4BFD-B731-6D891C7983D5}.Debug|Any CPU.Build.0 = Debug|Any CPU
		{5CCBFBD5-3089-4BFD-B731-6D891C7983D5}.Release|Any CPU.ActiveCfg = Release|Any CPU
		{5CCBFBD5-3089-4BFD-B731-6D891C7983D5}.Release|Any CPU.Build.0 = Release|Any CPU
		{EE46A7D6-3E8C-4F34-A5C3-6F6C3B7A4956}.Debug|Any CPU.ActiveCfg = Debug|Any CPU
		{EE46A7D6-3E8C-4F34-A5C3-6F6C3B7A4956}.Debug|Any CPU.Build.0 = Debug|Any CPU
		{EE46A7D6-3E8C-4F34-A5C3-6F6C3B7A4956}.Release|Any CPU.ActiveCfg = Release|Any CPU
		{EE46A7D6-3E8C-4F34-A5C3-6F6C3B7A4956}.Release|Any CPU.Build.0 = Release|Any CPU
		{8D1A6AE5-7A2D-429B-9FCA-05CFCF236FBC}.Debug|Any CPU.ActiveCfg = Debug|Any CPU
		{8D1A6AE5-7A2D-429B-9FCA-05CFCF236FBC}.Debug|Any CPU.Build.0 = Debug|Any CPU
		{8D1A6AE5-7A2D-429B-9FCA-05CFCF236FBC}.Debug|Any CPU.Deploy.0 = Debug|Any CPU
		{8D1A6AE5-7A2D-429B-9FCA-05CFCF236FBC}.Release|Any CPU.ActiveCfg = Release|Any CPU
		{8D1A6AE5-7A2D-429B-9FCA-05CFCF236FBC}.Release|Any CPU.Build.0 = Release|Any CPU
		{8D1A6AE5-7A2D-429B-9FCA-05CFCF236FBC}.Release|Any CPU.Deploy.0 = Release|Any CPU
	EndGlobalSection
	GlobalSection(SolutionProperties) = preSolution
		HideSolutionNode = FALSE
	EndGlobalSection
	GlobalSection(ExtensibilityGlobals) = postSolution
		SolutionGuid = {EF37C21E-1069-45AB-885C-16EC937FCC07}
	EndGlobalSection
EndGlobal
